// !$*UTF8*$!
{
	archiveVersion = 1;
	classes = {
	};
	objectVersion = 56;
	objects = {

/* Begin PBXBuildFile section */
		2C05D269297DCE47002B3C61 /* SwiftUIView.swift in Sources */ = {isa = PBXBuildFile; fileRef = 2C05D268297DCE47002B3C61 /* SwiftUIView.swift */; };
		2C05D26B297DD879002B3C61 /* Window.xib in Resources */ = {isa = PBXBuildFile; fileRef = 2C05D26A297DD879002B3C61 /* Window.xib */; };
		2C05D26F297DDBF2002B3C61 /* MainMenu.xib in Resources */ = {isa = PBXBuildFile; fileRef = 2C05D26E297DDBF2002B3C61 /* MainMenu.xib */; };
		2C8BFBA82954898E00B9ADDD /* AppDelegate.swift in Sources */ = {isa = PBXBuildFile; fileRef = 2C8BFBA72954898E00B9ADDD /* AppDelegate.swift */; };
		2CB43ACF2953C17A007DBB99 /* TubeApp.swift in Sources */ = {isa = PBXBuildFile; fileRef = 2CB43ACE2953C17A007DBB99 /* TubeApp.swift */; };
		2CB43AD32953C17B007DBB99 /* Assets.xcassets in Resources */ = {isa = PBXBuildFile; fileRef = 2CB43AD22953C17B007DBB99 /* Assets.xcassets */; };
		2CB43AD62953C17B007DBB99 /* Preview Assets.xcassets in Resources */ = {isa = PBXBuildFile; fileRef = 2CB43AD52953C17B007DBB99 /* Preview Assets.xcassets */; };
		2CB43AD82953C17B007DBB99 /* Persistence.swift in Sources */ = {isa = PBXBuildFile; fileRef = 2CB43AD72953C17B007DBB99 /* Persistence.swift */; };
		2CB43ADB2953C17B007DBB99 /* Tube.xcdatamodeld in Sources */ = {isa = PBXBuildFile; fileRef = 2CB43AD92953C17B007DBB99 /* Tube.xcdatamodeld */; };
		2CB43AE62953C17B007DBB99 /* TubeTests.swift in Sources */ = {isa = PBXBuildFile; fileRef = 2CB43AE52953C17B007DBB99 /* TubeTests.swift */; };
		2CB43AF02953C17B007DBB99 /* TubeUTTests.swift in Sources */ = {isa = PBXBuildFile; fileRef = 2CB43AEF2953C17B007DBB99 /* TubeUTTests.swift */; };
		2CB43AF22953C17B007DBB99 /* TubeUTTestsLaunchTests.swift in Sources */ = {isa = PBXBuildFile; fileRef = 2CB43AF12953C17B007DBB99 /* TubeUTTestsLaunchTests.swift */; };
		2CB43AFF2953C1CF007DBB99 /* WebView.swift in Sources */ = {isa = PBXBuildFile; fileRef = 2CB43AFE2953C1CF007DBB99 /* WebView.swift */; };
/* End PBXBuildFile section */

/* Begin PBXContainerItemProxy section */
		2CB43AE22953C17B007DBB99 /* PBXContainerItemProxy */ = {
			isa = PBXContainerItemProxy;
			containerPortal = 2CB43AC32953C17A007DBB99 /* Project object */;
			proxyType = 1;
			remoteGlobalIDString = 2CB43ACA2953C17A007DBB99;
			remoteInfo = chadGPT;
		};
		2CB43AEC2953C17B007DBB99 /* PBXContainerItemProxy */ = {
			isa = PBXContainerItemProxy;
			containerPortal = 2CB43AC32953C17A007DBB99 /* Project object */;
			proxyType = 1;
			remoteGlobalIDString = 2CB43ACA2953C17A007DBB99;
			remoteInfo = chadGPT;
		};
/* End PBXContainerItemProxy section */

/* Begin PBXFileReference section */
		2C05D268297DCE47002B3C61 /* SwiftUIView.swift */ = {isa = PBXFileReference; lastKnownFileType = sourcecode.swift; path = SwiftUIView.swift; sourceTree = "<group>"; };
		2C05D26A297DD879002B3C61 /* Window.xib */ = {isa = PBXFileReference; lastKnownFileType = file.xib; path = Window.xib; sourceTree = "<group>"; };
		2C05D26E297DDBF2002B3C61 /* MainMenu.xib */ = {isa = PBXFileReference; lastKnownFileType = file.xib; path = MainMenu.xib; sourceTree = "<group>"; };
		2C8BFBA72954898E00B9ADDD /* AppDelegate.swift */ = {isa = PBXFileReference; lastKnownFileType = sourcecode.swift; path = AppDelegate.swift; sourceTree = "<group>"; };
		2CB43ACB2953C17A007DBB99 /* Tube.app */ = {isa = PBXFileReference; explicitFileType = wrapper.application; includeInIndex = 0; path = Tube.app; sourceTree = BUILT_PRODUCTS_DIR; };
		2CB43ACE2953C17A007DBB99 /* TubeApp.swift */ = {isa = PBXFileReference; lastKnownFileType = sourcecode.swift; path = TubeApp.swift; sourceTree = "<group>"; };
		2CB43AD22953C17B007DBB99 /* Assets.xcassets */ = {isa = PBXFileReference; lastKnownFileType = folder.assetcatalog; path = Assets.xcassets; sourceTree = "<group>"; };
		2CB43AD52953C17B007DBB99 /* Preview Assets.xcassets */ = {isa = PBXFileReference; lastKnownFileType = folder.assetcatalog; path = "Preview Assets.xcassets"; sourceTree = "<group>"; };
		2CB43AD72953C17B007DBB99 /* Persistence.swift */ = {isa = PBXFileReference; lastKnownFileType = sourcecode.swift; path = Persistence.swift; sourceTree = "<group>"; };
		2CB43ADA2953C17B007DBB99 /* chadGPT.xcdatamodel */ = {isa = PBXFileReference; lastKnownFileType = wrapper.xcdatamodel; path = chadGPT.xcdatamodel; sourceTree = "<group>"; };
		2CB43ADC2953C17B007DBB99 /* Tube.entitlements */ = {isa = PBXFileReference; lastKnownFileType = text.plist.entitlements; path = Tube.entitlements; sourceTree = "<group>"; };
		2CB43AE12953C17B007DBB99 /* TubeTests.xctest */ = {isa = PBXFileReference; explicitFileType = wrapper.cfbundle; includeInIndex = 0; path = TubeTests.xctest; sourceTree = BUILT_PRODUCTS_DIR; };
		2CB43AE52953C17B007DBB99 /* TubeTests.swift */ = {isa = PBXFileReference; lastKnownFileType = sourcecode.swift; path = TubeTests.swift; sourceTree = "<group>"; };
		2CB43AEB2953C17B007DBB99 /* TubeUITests.xctest */ = {isa = PBXFileReference; explicitFileType = wrapper.cfbundle; includeInIndex = 0; path = TubeUITests.xctest; sourceTree = BUILT_PRODUCTS_DIR; };
		2CB43AEF2953C17B007DBB99 /* TubeUTTests.swift */ = {isa = PBXFileReference; lastKnownFileType = sourcecode.swift; path = TubeUTTests.swift; sourceTree = "<group>"; };
		2CB43AF12953C17B007DBB99 /* TubeUTTestsLaunchTests.swift */ = {isa = PBXFileReference; lastKnownFileType = sourcecode.swift; path = TubeUTTestsLaunchTests.swift; sourceTree = "<group>"; };
		2CB43AFE2953C1CF007DBB99 /* WebView.swift */ = {isa = PBXFileReference; lastKnownFileType = sourcecode.swift; path = WebView.swift; sourceTree = "<group>"; };
/* End PBXFileReference section */

/* Begin PBXFrameworksBuildPhase section */
		2CB43AC82953C17A007DBB99 /* Frameworks */ = {
			isa = PBXFrameworksBuildPhase;
			buildActionMask = 2147483647;
			files = (
			);
			runOnlyForDeploymentPostprocessing = 0;
		};
		2CB43ADE2953C17B007DBB99 /* Frameworks */ = {
			isa = PBXFrameworksBuildPhase;
			buildActionMask = 2147483647;
			files = (
			);
			runOnlyForDeploymentPostprocessing = 0;
		};
		2CB43AE82953C17B007DBB99 /* Frameworks */ = {
			isa = PBXFrameworksBuildPhase;
			buildActionMask = 2147483647;
			files = (
			);
			runOnlyForDeploymentPostprocessing = 0;
		};
/* End PBXFrameworksBuildPhase section */

/* Begin PBXGroup section */
		2CB43AC22953C17A007DBB99 = {
			isa = PBXGroup;
			children = (
				2CB43ACD2953C17A007DBB99 /* Tube */,
				2CB43AE42953C17B007DBB99 /* TubeTests */,
				2CB43AEE2953C17B007DBB99 /* TubeUTTests */,
				2CB43ACC2953C17A007DBB99 /* Products */,
			);
			sourceTree = "<group>";
		};
		2CB43ACC2953C17A007DBB99 /* Products */ = {
			isa = PBXGroup;
			children = (
				2CB43ACB2953C17A007DBB99 /* Tube.app */,
				2CB43AE12953C17B007DBB99 /* TubeTests.xctest */,
				2CB43AEB2953C17B007DBB99 /* TubeUITests.xctest */,
			);
			name = Products;
			sourceTree = "<group>";
		};
		2CB43ACD2953C17A007DBB99 /* Tube */ = {
			isa = PBXGroup;
			children = (
				2CB43ACE2953C17A007DBB99 /* TubeApp.swift */,
				2CB43AFE2953C1CF007DBB99 /* WebView.swift */,
				2CB43AD72953C17B007DBB99 /* Persistence.swift */,
				2C8BFBA72954898E00B9ADDD /* AppDelegate.swift */,
				2CB43AD22953C17B007DBB99 /* Assets.xcassets */,
				2CB43ADC2953C17B007DBB99 /* Tube.entitlements */,
				2CB43AD92953C17B007DBB99 /* Tube.xcdatamodeld */,
				2CB43AD42953C17B007DBB99 /* Preview Content */,
				2C05D268297DCE47002B3C61 /* SwiftUIView.swift */,
				2C05D26A297DD879002B3C61 /* Window.xib */,
				2C05D26E297DDBF2002B3C61 /* MainMenu.xib */,
			);
			path = Tube;
			sourceTree = "<group>";
		};
		2CB43AD42953C17B007DBB99 /* Preview Content */ = {
			isa = PBXGroup;
			children = (
				2CB43AD52953C17B007DBB99 /* Preview Assets.xcassets */,
			);
			path = "Preview Content";
			sourceTree = "<group>";
		};
		2CB43AE42953C17B007DBB99 /* TubeTests */ = {
			isa = PBXGroup;
			children = (
				2CB43AE52953C17B007DBB99 /* TubeTests.swift */,
			);
			path = TubeTests;
			sourceTree = "<group>";
		};
		2CB43AEE2953C17B007DBB99 /* TubeUTTests */ = {
			isa = PBXGroup;
			children = (
				2CB43AEF2953C17B007DBB99 /* TubeUTTests.swift */,
				2CB43AF12953C17B007DBB99 /* TubeUTTestsLaunchTests.swift */,
			);
			path = TubeUTTests;
			sourceTree = "<group>";
		};
/* End PBXGroup section */

/* Begin PBXNativeTarget section */
		2CB43ACA2953C17A007DBB99 /* Tube */ = {
			isa = PBXNativeTarget;
			buildConfigurationList = 2CB43AF52953C17B007DBB99 /* Build configuration list for PBXNativeTarget "Tube" */;
			buildPhases = (
				2CB43AC72953C17A007DBB99 /* Sources */,
				2CB43AC82953C17A007DBB99 /* Frameworks */,
				2CB43AC92953C17A007DBB99 /* Resources */,
			);
			buildRules = (
			);
			dependencies = (
			);
			name = Tube;
			productName = chadGPT;
			productReference = 2CB43ACB2953C17A007DBB99 /* Tube.app */;
			productType = "com.apple.product-type.application";
		};
		2CB43AE02953C17B007DBB99 /* TubeTests */ = {
			isa = PBXNativeTarget;
			buildConfigurationList = 2CB43AF82953C17B007DBB99 /* Build configuration list for PBXNativeTarget "TubeTests" */;
			buildPhases = (
				2CB43ADD2953C17B007DBB99 /* Sources */,
				2CB43ADE2953C17B007DBB99 /* Frameworks */,
				2CB43ADF2953C17B007DBB99 /* Resources */,
			);
			buildRules = (
			);
			dependencies = (
				2CB43AE32953C17B007DBB99 /* PBXTargetDependency */,
			);
			name = TubeTests;
			productName = chadGPTTests;
			productReference = 2CB43AE12953C17B007DBB99 /* TubeTests.xctest */;
			productType = "com.apple.product-type.bundle.unit-test";
		};
		2CB43AEA2953C17B007DBB99 /* TubeUITests */ = {
			isa = PBXNativeTarget;
			buildConfigurationList = 2CB43AFB2953C17B007DBB99 /* Build configuration list for PBXNativeTarget "TubeUITests" */;
			buildPhases = (
				2CB43AE72953C17B007DBB99 /* Sources */,
				2CB43AE82953C17B007DBB99 /* Frameworks */,
				2CB43AE92953C17B007DBB99 /* Resources */,
			);
			buildRules = (
			);
			dependencies = (
				2CB43AED2953C17B007DBB99 /* PBXTargetDependency */,
			);
			name = TubeUITests;
			productName = chadGPTUITests;
			productReference = 2CB43AEB2953C17B007DBB99 /* TubeUITests.xctest */;
			productType = "com.apple.product-type.bundle.ui-testing";
		};
/* End PBXNativeTarget section */

/* Begin PBXProject section */
		2CB43AC32953C17A007DBB99 /* Project object */ = {
			isa = PBXProject;
			attributes = {
				BuildIndependentTargetsInParallel = 1;
				LastSwiftUpdateCheck = 1420;
				LastUpgradeCheck = 1420;
				TargetAttributes = {
					2CB43ACA2953C17A007DBB99 = {
						CreatedOnToolsVersion = 14.2;
					};
					2CB43AE02953C17B007DBB99 = {
						CreatedOnToolsVersion = 14.2;
						TestTargetID = 2CB43ACA2953C17A007DBB99;
					};
					2CB43AEA2953C17B007DBB99 = {
						CreatedOnToolsVersion = 14.2;
						TestTargetID = 2CB43ACA2953C17A007DBB99;
					};
				};
			};
			buildConfigurationList = 2CB43AC62953C17A007DBB99 /* Build configuration list for PBXProject "Tube" */;
			compatibilityVersion = "Xcode 14.0";
			developmentRegion = en;
			hasScannedForEncodings = 0;
			knownRegions = (
				en,
				Base,
			);
			mainGroup = 2CB43AC22953C17A007DBB99;
			productRefGroup = 2CB43ACC2953C17A007DBB99 /* Products */;
			projectDirPath = "";
			projectRoot = "";
			targets = (
				2CB43ACA2953C17A007DBB99 /* Tube */,
				2CB43AE02953C17B007DBB99 /* TubeTests */,
				2CB43AEA2953C17B007DBB99 /* TubeUITests */,
			);
		};
/* End PBXProject section */

/* Begin PBXResourcesBuildPhase section */
		2CB43AC92953C17A007DBB99 /* Resources */ = {
			isa = PBXResourcesBuildPhase;
			buildActionMask = 2147483647;
			files = (
				2CB43AD62953C17B007DBB99 /* Preview Assets.xcassets in Resources */,
				2CB43AD32953C17B007DBB99 /* Assets.xcassets in Resources */,
				2C05D26B297DD879002B3C61 /* Window.xib in Resources */,
				2C05D26F297DDBF2002B3C61 /* MainMenu.xib in Resources */,
			);
			runOnlyForDeploymentPostprocessing = 0;
		};
		2CB43ADF2953C17B007DBB99 /* Resources */ = {
			isa = PBXResourcesBuildPhase;
			buildActionMask = 2147483647;
			files = (
			);
			runOnlyForDeploymentPostprocessing = 0;
		};
		2CB43AE92953C17B007DBB99 /* Resources */ = {
			isa = PBXResourcesBuildPhase;
			buildActionMask = 2147483647;
			files = (
			);
			runOnlyForDeploymentPostprocessing = 0;
		};
/* End PBXResourcesBuildPhase section */

/* Begin PBXSourcesBuildPhase section */
		2CB43AC72953C17A007DBB99 /* Sources */ = {
			isa = PBXSourcesBuildPhase;
			buildActionMask = 2147483647;
			files = (
				2C8BFBA82954898E00B9ADDD /* AppDelegate.swift in Sources */,
				2C05D269297DCE47002B3C61 /* SwiftUIView.swift in Sources */,
				2CB43AD82953C17B007DBB99 /* Persistence.swift in Sources */,
				2CB43AFF2953C1CF007DBB99 /* WebView.swift in Sources */,
				2CB43ACF2953C17A007DBB99 /* TubeApp.swift in Sources */,
				2CB43ADB2953C17B007DBB99 /* Tube.xcdatamodeld in Sources */,
			);
			runOnlyForDeploymentPostprocessing = 0;
		};
		2CB43ADD2953C17B007DBB99 /* Sources */ = {
			isa = PBXSourcesBuildPhase;
			buildActionMask = 2147483647;
			files = (
				2CB43AE62953C17B007DBB99 /* TubeTests.swift in Sources */,
			);
			runOnlyForDeploymentPostprocessing = 0;
		};
		2CB43AE72953C17B007DBB99 /* Sources */ = {
			isa = PBXSourcesBuildPhase;
			buildActionMask = 2147483647;
			files = (
				2CB43AF22953C17B007DBB99 /* TubeUTTestsLaunchTests.swift in Sources */,
				2CB43AF02953C17B007DBB99 /* TubeUTTests.swift in Sources */,
			);
			runOnlyForDeploymentPostprocessing = 0;
		};
/* End PBXSourcesBuildPhase section */

/* Begin PBXTargetDependency section */
		2CB43AE32953C17B007DBB99 /* PBXTargetDependency */ = {
			isa = PBXTargetDependency;
			target = 2CB43ACA2953C17A007DBB99 /* Tube */;
			targetProxy = 2CB43AE22953C17B007DBB99 /* PBXContainerItemProxy */;
		};
		2CB43AED2953C17B007DBB99 /* PBXTargetDependency */ = {
			isa = PBXTargetDependency;
			target = 2CB43ACA2953C17A007DBB99 /* Tube */;
			targetProxy = 2CB43AEC2953C17B007DBB99 /* PBXContainerItemProxy */;
		};
/* End PBXTargetDependency section */

/* Begin XCBuildConfiguration section */
		2CB43AF32953C17B007DBB99 /* Debug */ = {
			isa = XCBuildConfiguration;
			buildSettings = {
				ALWAYS_SEARCH_USER_PATHS = NO;
				CLANG_ANALYZER_NONNULL = YES;
				CLANG_ANALYZER_NUMBER_OBJECT_CONVERSION = YES_AGGRESSIVE;
				CLANG_CXX_LANGUAGE_STANDARD = "gnu++20";
				CLANG_ENABLE_MODULES = YES;
				CLANG_ENABLE_OBJC_ARC = YES;
				CLANG_ENABLE_OBJC_WEAK = YES;
				CLANG_WARN_BLOCK_CAPTURE_AUTORELEASING = YES;
				CLANG_WARN_BOOL_CONVERSION = YES;
				CLANG_WARN_COMMA = YES;
				CLANG_WARN_CONSTANT_CONVERSION = YES;
				CLANG_WARN_DEPRECATED_OBJC_IMPLEMENTATIONS = YES;
				CLANG_WARN_DIRECT_OBJC_ISA_USAGE = YES_ERROR;
				CLANG_WARN_DOCUMENTATION_COMMENTS = YES;
				CLANG_WARN_EMPTY_BODY = YES;
				CLANG_WARN_ENUM_CONVERSION = YES;
				CLANG_WARN_INFINITE_RECURSION = YES;
				CLANG_WARN_INT_CONVERSION = YES;
				CLANG_WARN_NON_LITERAL_NULL_CONVERSION = YES;
				CLANG_WARN_OBJC_IMPLICIT_RETAIN_SELF = YES;
				CLANG_WARN_OBJC_LITERAL_CONVERSION = YES;
				CLANG_WARN_OBJC_ROOT_CLASS = YES_ERROR;
				CLANG_WARN_QUOTED_INCLUDE_IN_FRAMEWORK_HEADER = YES;
				CLANG_WARN_RANGE_LOOP_ANALYSIS = YES;
				CLANG_WARN_STRICT_PROTOTYPES = YES;
				CLANG_WARN_SUSPICIOUS_MOVE = YES;
				CLANG_WARN_UNGUARDED_AVAILABILITY = YES_AGGRESSIVE;
				CLANG_WARN_UNREACHABLE_CODE = YES;
				CLANG_WARN__DUPLICATE_METHOD_MATCH = YES;
				COPY_PHASE_STRIP = NO;
				DEBUG_INFORMATION_FORMAT = dwarf;
				ENABLE_STRICT_OBJC_MSGSEND = YES;
				ENABLE_TESTABILITY = YES;
				GCC_C_LANGUAGE_STANDARD = gnu11;
				GCC_DYNAMIC_NO_PIC = NO;
				GCC_NO_COMMON_BLOCKS = YES;
				GCC_OPTIMIZATION_LEVEL = 0;
				GCC_PREPROCESSOR_DEFINITIONS = (
					"DEBUG=1",
					"$(inherited)",
				);
				GCC_WARN_64_TO_32_BIT_CONVERSION = YES;
				GCC_WARN_ABOUT_RETURN_TYPE = YES_ERROR;
				GCC_WARN_UNDECLARED_SELECTOR = YES;
				GCC_WARN_UNINITIALIZED_AUTOS = YES_AGGRESSIVE;
				GCC_WARN_UNUSED_FUNCTION = YES;
				GCC_WARN_UNUSED_VARIABLE = YES;
				IPHONEOS_DEPLOYMENT_TARGET = 16.2;
				MACOSX_DEPLOYMENT_TARGET = 13.1;
				MTL_ENABLE_DEBUG_INFO = INCLUDE_SOURCE;
				MTL_FAST_MATH = YES;
				ONLY_ACTIVE_ARCH = YES;
				SDKROOT = macosx;
				SWIFT_ACTIVE_COMPILATION_CONDITIONS = DEBUG;
				SWIFT_OPTIMIZATION_LEVEL = "-Onone";
			};
			name = Debug;
		};
		2CB43AF42953C17B007DBB99 /* Release */ = {
			isa = XCBuildConfiguration;
			buildSettings = {
				ALWAYS_SEARCH_USER_PATHS = NO;
				CLANG_ANALYZER_NONNULL = YES;
				CLANG_ANALYZER_NUMBER_OBJECT_CONVERSION = YES_AGGRESSIVE;
				CLANG_CXX_LANGUAGE_STANDARD = "gnu++20";
				CLANG_ENABLE_MODULES = YES;
				CLANG_ENABLE_OBJC_ARC = YES;
				CLANG_ENABLE_OBJC_WEAK = YES;
				CLANG_WARN_BLOCK_CAPTURE_AUTORELEASING = YES;
				CLANG_WARN_BOOL_CONVERSION = YES;
				CLANG_WARN_COMMA = YES;
				CLANG_WARN_CONSTANT_CONVERSION = YES;
				CLANG_WARN_DEPRECATED_OBJC_IMPLEMENTATIONS = YES;
				CLANG_WARN_DIRECT_OBJC_ISA_USAGE = YES_ERROR;
				CLANG_WARN_DOCUMENTATION_COMMENTS = YES;
				CLANG_WARN_EMPTY_BODY = YES;
				CLANG_WARN_ENUM_CONVERSION = YES;
				CLANG_WARN_INFINITE_RECURSION = YES;
				CLANG_WARN_INT_CONVERSION = YES;
				CLANG_WARN_NON_LITERAL_NULL_CONVERSION = YES;
				CLANG_WARN_OBJC_IMPLICIT_RETAIN_SELF = YES;
				CLANG_WARN_OBJC_LITERAL_CONVERSION = YES;
				CLANG_WARN_OBJC_ROOT_CLASS = YES_ERROR;
				CLANG_WARN_QUOTED_INCLUDE_IN_FRAMEWORK_HEADER = YES;
				CLANG_WARN_RANGE_LOOP_ANALYSIS = YES;
				CLANG_WARN_STRICT_PROTOTYPES = YES;
				CLANG_WARN_SUSPICIOUS_MOVE = YES;
				CLANG_WARN_UNGUARDED_AVAILABILITY = YES_AGGRESSIVE;
				CLANG_WARN_UNREACHABLE_CODE = YES;
				CLANG_WARN__DUPLICATE_METHOD_MATCH = YES;
				COPY_PHASE_STRIP = NO;
				DEBUG_INFORMATION_FORMAT = "dwarf-with-dsym";
				ENABLE_NS_ASSERTIONS = NO;
				ENABLE_STRICT_OBJC_MSGSEND = YES;
				GCC_C_LANGUAGE_STANDARD = gnu11;
				GCC_NO_COMMON_BLOCKS = YES;
				GCC_WARN_64_TO_32_BIT_CONVERSION = YES;
				GCC_WARN_ABOUT_RETURN_TYPE = YES_ERROR;
				GCC_WARN_UNDECLARED_SELECTOR = YES;
				GCC_WARN_UNINITIALIZED_AUTOS = YES_AGGRESSIVE;
				GCC_WARN_UNUSED_FUNCTION = YES;
				GCC_WARN_UNUSED_VARIABLE = YES;
				IPHONEOS_DEPLOYMENT_TARGET = 16.2;
				MACOSX_DEPLOYMENT_TARGET = 13.1;
				MTL_ENABLE_DEBUG_INFO = NO;
				MTL_FAST_MATH = YES;
				SDKROOT = macosx;
				SWIFT_COMPILATION_MODE = wholemodule;
				SWIFT_OPTIMIZATION_LEVEL = "-O";
			};
			name = Release;
		};
		2CB43AF62953C17B007DBB99 /* Debug */ = {
			isa = XCBuildConfiguration;
			buildSettings = {
				ASSETCATALOG_COMPILER_APPICON_NAME = AppIcon;
				"ASSETCATALOG_COMPILER_APPICON_NAME[sdk=iphoneos*]" = AppIcon;
				"ASSETCATALOG_COMPILER_APPICON_NAME[sdk=macosx*]" = AppIcon;
				ASSETCATALOG_COMPILER_GLOBAL_ACCENT_COLOR_NAME = AccentColor;
				ASSETCATALOG_COMPILER_INCLUDE_ALL_APPICON_ASSETS = YES;
				CODE_SIGN_ENTITLEMENTS = Tube/Tube.entitlements;
				CODE_SIGN_STYLE = Automatic;
				COMBINE_HIDPI_IMAGES = YES;
				CURRENT_PROJECT_VERSION = 1;
				DEVELOPMENT_ASSET_PATHS = "\"Tube/Preview Content\"";
				ENABLE_PREVIEWS = YES;
				GENERATE_INFOPLIST_FILE = YES;
				INFOPLIST_FILE = Tube/Info.plist;
				INFOPLIST_KEY_CFBundleDisplayName = Tube;
				INFOPLIST_KEY_LSApplicationCategoryType = "public.app-category.entertainment";
				INFOPLIST_KEY_NSHumanReadableCopyright = "";
				INFOPLIST_KEY_UIStatusBarHidden = YES;
				INFOPLIST_KEY_UIStatusBarStyle = UIStatusBarStyleDarkContent;
				INFOPLIST_KEY_UISupportedInterfaceOrientations_iPad = UIInterfaceOrientationPortrait;
				LD_RUNPATH_SEARCH_PATHS = (
					"$(inherited)",
					"@executable_path/../Frameworks",
				);
				MARKETING_VERSION = 1.0;
				PRODUCT_BUNDLE_IDENTIFIER = sebastianromano.Tube;
				PRODUCT_NAME = "$(TARGET_NAME)";
				SUPPORTED_PLATFORMS = macosx;
				SUPPORTS_MACCATALYST = NO;
				SUPPORTS_MAC_DESIGNED_FOR_IPHONE_IPAD = NO;
				SWIFT_EMIT_LOC_STRINGS = YES;
				SWIFT_VERSION = 5.0;
			};
			name = Debug;
		};
		2CB43AF72953C17B007DBB99 /* Release */ = {
			isa = XCBuildConfiguration;
			buildSettings = {
				ASSETCATALOG_COMPILER_APPICON_NAME = AppIcon;
				"ASSETCATALOG_COMPILER_APPICON_NAME[sdk=iphoneos*]" = AppIcon;
				"ASSETCATALOG_COMPILER_APPICON_NAME[sdk=macosx*]" = AppIcon;
				ASSETCATALOG_COMPILER_GLOBAL_ACCENT_COLOR_NAME = AccentColor;
				ASSETCATALOG_COMPILER_INCLUDE_ALL_APPICON_ASSETS = YES;
				CODE_SIGN_ENTITLEMENTS = Tube/Tube.entitlements;
				CODE_SIGN_STYLE = Automatic;
				COMBINE_HIDPI_IMAGES = YES;
				CURRENT_PROJECT_VERSION = 1;
				DEVELOPMENT_ASSET_PATHS = "\"Tube/Preview Content\"";
				ENABLE_PREVIEWS = YES;
				GENERATE_INFOPLIST_FILE = YES;
				INFOPLIST_FILE = Tube/Info.plist;
				INFOPLIST_KEY_CFBundleDisplayName = Tube;
				INFOPLIST_KEY_LSApplicationCategoryType = "public.app-category.entertainment";
				INFOPLIST_KEY_NSHumanReadableCopyright = "";
				INFOPLIST_KEY_UIStatusBarHidden = YES;
				INFOPLIST_KEY_UIStatusBarStyle = UIStatusBarStyleDarkContent;
				INFOPLIST_KEY_UISupportedInterfaceOrientations_iPad = UIInterfaceOrientationPortrait;
				LD_RUNPATH_SEARCH_PATHS = (
					"$(inherited)",
					"@executable_path/../Frameworks",
				);
				MARKETING_VERSION = 1.0;
				PRODUCT_BUNDLE_IDENTIFIER = sebastianromano.Tube;
				PRODUCT_NAME = "$(TARGET_NAME)";
				SUPPORTED_PLATFORMS = macosx;
				SUPPORTS_MACCATALYST = NO;
				SUPPORTS_MAC_DESIGNED_FOR_IPHONE_IPAD = NO;
				SWIFT_EMIT_LOC_STRINGS = YES;
				SWIFT_VERSION = 5.0;
			};
			name = Release;
		};
		2CB43AF92953C17B007DBB99 /* Debug */ = {
			isa = XCBuildConfiguration;
			buildSettings = {
				ALWAYS_EMBED_SWIFT_STANDARD_LIBRARIES = YES;
				BUNDLE_LOADER = "$(TEST_HOST)";
				"CODE_SIGN_IDENTITY[sdk=macosx*]" = "-";
				CODE_SIGN_STYLE = Automatic;
				CURRENT_PROJECT_VERSION = 1;
				GENERATE_INFOPLIST_FILE = YES;
				MACOSX_DEPLOYMENT_TARGET = 13.1;
				MARKETING_VERSION = 1.0;
				PRODUCT_BUNDLE_IDENTIFIER = sebastianromano.TubeTests;
				PRODUCT_NAME = "$(TARGET_NAME)";
				SWIFT_EMIT_LOC_STRINGS = NO;
				SWIFT_VERSION = 5.0;
				TEST_HOST = "$(BUILT_PRODUCTS_DIR)/Tube.app/$(BUNDLE_EXECUTABLE_FOLDER_PATH)/Tube";
			};
			name = Debug;
		};
		2CB43AFA2953C17B007DBB99 /* Release */ = {
			isa = XCBuildConfiguration;
			buildSettings = {
				ALWAYS_EMBED_SWIFT_STANDARD_LIBRARIES = YES;
				BUNDLE_LOADER = "$(TEST_HOST)";
				"CODE_SIGN_IDENTITY[sdk=macosx*]" = "-";
				CODE_SIGN_STYLE = Automatic;
				CURRENT_PROJECT_VERSION = 1;
				GENERATE_INFOPLIST_FILE = YES;
				MACOSX_DEPLOYMENT_TARGET = 13.1;
				MARKETING_VERSION = 1.0;
				PRODUCT_BUNDLE_IDENTIFIER = sebastianromano.TubeTests;
				PRODUCT_NAME = "$(TARGET_NAME)";
				SWIFT_EMIT_LOC_STRINGS = NO;
				SWIFT_VERSION = 5.0;
				TEST_HOST = "$(BUILT_PRODUCTS_DIR)/Tube.app/$(BUNDLE_EXECUTABLE_FOLDER_PATH)/Tube";
			};
			name = Release;
		};
		2CB43AFC2953C17B007DBB99 /* Debug */ = {
			isa = XCBuildConfiguration;
			buildSettings = {
				ALWAYS_EMBED_SWIFT_STANDARD_LIBRARIES = YES;
				CODE_SIGN_STYLE = Automatic;
				CURRENT_PROJECT_VERSION = 1;
				GENERATE_INFOPLIST_FILE = YES;
				MARKETING_VERSION = 1.0;
				PRODUCT_BUNDLE_IDENTIFIER = sebastianromano.TubeUITests;
				PRODUCT_NAME = "$(TARGET_NAME)";
				SWIFT_EMIT_LOC_STRINGS = NO;
				SWIFT_VERSION = 5.0;
				TEST_TARGET_NAME = Tube;
			};
			name = Debug;
		};
		2CB43AFD2953C17B007DBB99 /* Release */ = {
			isa = XCBuildConfiguration;
			buildSettings = {
				ALWAYS_EMBED_SWIFT_STANDARD_LIBRARIES = YES;
				CODE_SIGN_STYLE = Automatic;
				CURRENT_PROJECT_VERSION = 1;
				GENERATE_INFOPLIST_FILE = YES;
				MARKETING_VERSION = 1.0;
				PRODUCT_BUNDLE_IDENTIFIER = sebastianromano.TubeUITests;
				PRODUCT_NAME = "$(TARGET_NAME)";
				SWIFT_EMIT_LOC_STRINGS = NO;
				SWIFT_VERSION = 5.0;
				TEST_TARGET_NAME = Tube;
			};
			name = Release;
		};
/* End XCBuildConfiguration section */

/* Begin XCConfigurationList section */
		2CB43AC62953C17A007DBB99 /* Build configuration list for PBXProject "Tube" */ = {
			isa = XCConfigurationList;
			buildConfigurations = (
				2CB43AF32953C17B007DBB99 /* Debug */,
				2CB43AF42953C17B007DBB99 /* Release */,
			);
			defaultConfigurationIsVisible = 0;
			defaultConfigurationName = Release;
		};
		2CB43AF52953C17B007DBB99 /* Build configuration list for PBXNativeTarget "Tube" */ = {
			isa = XCConfigurationList;
			buildConfigurations = (
				2CB43AF62953C17B007DBB99 /* Debug */,
				2CB43AF72953C17B007DBB99 /* Release */,
			);
			defaultConfigurationIsVisible = 0;
			defaultConfigurationName = Release;
		};
		2CB43AF82953C17B007DBB99 /* Build configuration list for PBXNativeTarget "TubeTests" */ = {
			isa = XCConfigurationList;
			buildConfigurations = (
				2CB43AF92953C17B007DBB99 /* Debug */,
				2CB43AFA2953C17B007DBB99 /* Release */,
			);
			defaultConfigurationIsVisible = 0;
			defaultConfigurationName = Release;
		};
		2CB43AFB2953C17B007DBB99 /* Build configuration list for PBXNativeTarget "TubeUITests" */ = {
			isa = XCConfigurationList;
			buildConfigurations = (
				2CB43AFC2953C17B007DBB99 /* Debug */,
				2CB43AFD2953C17B007DBB99 /* Release */,
			);
			defaultConfigurationIsVisible = 0;
			defaultConfigurationName = Release;
		};
/* End XCConfigurationList section */

/* Begin XCVersionGroup section */
		2CB43AD92953C17B007DBB99 /* Tube.xcdatamodeld */ = {
			isa = XCVersionGroup;
			children = (
				2CB43ADA2953C17B007DBB99 /* chadGPT.xcdatamodel */,
			);
			currentVersion = 2CB43ADA2953C17B007DBB99 /* chadGPT.xcdatamodel */;
			path = Tube.xcdatamodeld;
			sourceTree = "<group>";
			versionGroupType = wrapper.xcdatamodel;
		};
/* End XCVersionGroup section */
	};
	rootObject = 2CB43AC32953C17A007DBB99 /* Project object */;
}
